
Microsoft Visual Studio Solution File, Format Version 12.00
# Visual Studio Version 16
VisualStudioVersion = 16.0.29609.76
MinimumVisualStudioVersion = 10.0.40219.1
Project("{FAE04EC0-301F-11D3-BF4B-00C04F79EFBC}") = "Power_x_n", "Power_x_n\Power_x_n.csproj", "{D3023AA8-C67B-461B-A41A-D43265918E12}"
EndProject
Global
	GlobalSection(SolutionConfigurationPlatforms) = preSolution
		Debug|Any CPU = Debug|Any CPU
		Release|Any CPU = Release|Any CPU
	EndGlobalSection
	GlobalSection(ProjectConfigurationPlatforms) = postSolution
		{D3023AA8-C67B-461B-A41A-D43265918E12}.Debug|Any CPU.ActiveCfg = Debug|Any CPU
		{D3023AA8-C67B-461B-A41A-D43265918E12}.Debug|Any CPU.Build.0 = Debug|Any CPU
		{D3023AA8-C67B-461B-A41A-D43265918E12}.Release|Any CPU.ActiveCfg = Release|Any CPU
		{D3023AA8-C67B-461B-A41A-D43265918E12}.Release|Any CPU.Build.0 = Release|Any CPU
	EndGlobalSection
	GlobalSection(SolutionProperties) = preSolution
		HideSolutionNode = FALSE
	EndGlobalSection
	GlobalSection(ExtensibilityGlobals) = postSolution
		SolutionGuid = {243BA2FE-BB7B-4A24-ADBB-5C74E539BF56}
	EndGlobalSection
EndGlobal
